{
  "version": 4,
  "terraform_version": "1.6.5",
  "serial": 96,
  "lineage": "f1cd2ffd-09d2-036c-7f18-8e05427464bc",
  "outputs": {},
  "resources": [
    {
      "mode": "managed",
      "type": "azurerm_application_security_group",
      "name": "platform_Asg",
      "provider": "provider[\"registry.terraform.io/hashicorp/azurerm\"]",
      "instances": [
        {
          "schema_version": 0,
          "attributes": {
            "id": "/subscriptions/9d3da8d5-a731-4050-966d-1be1aa80b4e2/resourceGroups/Network/providers/Microsoft.Network/applicationSecurityGroups/project-asg",
            "location": "eastus",
            "name": "project-asg",
            "resource_group_name": "Network",
            "tags": {},
            "timeouts": null
          },
          "sensitive_attributes": [],
          "private": "eyJlMmJmYjczMC1lY2FhLTExZTYtOGY4OC0zNDM2M2JjN2M0YzAiOnsiY3JlYXRlIjoxODAwMDAwMDAwMDAwLCJkZWxldGUiOjE4MDAwMDAwMDAwMDAsInJlYWQiOjMwMDAwMDAwMDAwMCwidXBkYXRlIjoxODAwMDAwMDAwMDAwfX0=",
          "dependencies": [
            "azurerm_resource_group.platform_network_rg"
          ]
        }
      ]
    },
    {
      "mode": "managed",
      "type": "azurerm_dns_a_record",
      "name": "dns_a_record",
      "provider": "provider[\"registry.terraform.io/hashicorp/azurerm\"]",
      "instances": [
        {
          "schema_version": 0,
          "attributes": {
            "fqdn": "project.cloudhirsi.com.",
            "id": "/subscriptions/9d3da8d5-a731-4050-966d-1be1aa80b4e2/resourceGroups/Network/providers/Microsoft.Network/dnszones/cloudhirsi.com/A/project",
            "name": "project",
            "records": [
              "10.0.180.17"
            ],
            "resource_group_name": "Network",
            "tags": {},
            "target_resource_id": "",
            "timeouts": null,
            "ttl": 300,
            "zone_name": "cloudhirsi.com"
          },
          "sensitive_attributes": [],
          "private": "eyJlMmJmYjczMC1lY2FhLTExZTYtOGY4OC0zNDM2M2JjN2M0YzAiOnsiY3JlYXRlIjoxODAwMDAwMDAwMDAwLCJkZWxldGUiOjE4MDAwMDAwMDAwMDAsInJlYWQiOjMwMDAwMDAwMDAwMCwidXBkYXRlIjoxODAwMDAwMDAwMDAwfX0=",
          "dependencies": [
            "azurerm_dns_zone.platform_dns_zone",
            "azurerm_resource_group.platform_network_rg"
          ]
        }
      ]
    },
    {
      "mode": "managed",
      "type": "azurerm_dns_zone",
      "name": "platform_dns_zone",
      "provider": "provider[\"registry.terraform.io/hashicorp/azurerm\"]",
      "instances": [
        {
          "schema_version": 1,
          "attributes": {
            "id": "/subscriptions/9d3da8d5-a731-4050-966d-1be1aa80b4e2/resourceGroups/Network/providers/Microsoft.Network/dnszones/cloudhirsi.com",
            "max_number_of_record_sets": 10000,
            "name": "cloudhirsi.com",
            "name_servers": [
              "ns1-32.azure-dns.com.",
              "ns2-32.azure-dns.net.",
              "ns3-32.azure-dns.org.",
              "ns4-32.azure-dns.info."
            ],
            "number_of_record_sets": 3,
            "resource_group_name": "Network",
            "soa_record": [
              {
                "email": "azuredns-hostmaster.microsoft.com",
                "expire_time": 2419200,
                "fqdn": "cloudhirsi.com.",
                "host_name": "ns1-32.azure-dns.com.",
                "minimum_ttl": 300,
                "refresh_time": 3600,
                "retry_time": 300,
                "serial_number": 1,
                "tags": {},
                "ttl": 3600
              }
            ],
            "tags": {},
            "timeouts": null
          },
          "sensitive_attributes": [],
          "private": "eyJlMmJmYjczMC1lY2FhLTExZTYtOGY4OC0zNDM2M2JjN2M0YzAiOnsiY3JlYXRlIjoxODAwMDAwMDAwMDAwLCJkZWxldGUiOjE4MDAwMDAwMDAwMDAsInJlYWQiOjMwMDAwMDAwMDAwMCwidXBkYXRlIjoxODAwMDAwMDAwMDAwfSwic2NoZW1hX3ZlcnNpb24iOiIxIn0=",
          "dependencies": [
            "azurerm_resource_group.platform_network_rg"
          ]
        }
      ]
    },
    {
      "mode": "managed",
      "type": "azurerm_key_vault",
      "name": "project-keyvault7890",
      "provider": "provider[\"registry.terraform.io/hashicorp/azurerm\"]",
      "instances": [
        {
          "status": "tainted",
          "schema_version": 2,
          "attributes": {
            "access_policy": [],
            "contact": [],
            "enable_rbac_authorization": false,
            "enabled_for_deployment": false,
            "enabled_for_disk_encryption": true,
            "enabled_for_template_deployment": false,
            "id": "/subscriptions/9d3da8d5-a731-4050-966d-1be1aa80b4e2/resourceGroups/Identity/providers/Microsoft.KeyVault/vaults/project-keyvault7890",
            "location": "eastus",
            "name": "project-keyvault7890",
            "network_acls": [
              {
                "bypass": "AzureServices",
                "default_action": "Allow",
                "ip_rules": [],
                "virtual_network_subnet_ids": []
              }
            ],
            "purge_protection_enabled": false,
            "resource_group_name": "Identity",
            "sku_name": "standard",
            "soft_delete_retention_days": 90,
            "tags": null,
            "tenant_id": "17409e72-2bc6-4d55-9570-898402703d23",
            "timeouts": null,
            "vault_uri": "https://project-keyvault7890.vault.azure.net/"
          },
          "sensitive_attributes": [],
          "private": "eyJlMmJmYjczMC1lY2FhLTExZTYtOGY4OC0zNDM2M2JjN2M0YzAiOnsiY3JlYXRlIjoxODAwMDAwMDAwMDAwLCJkZWxldGUiOjE4MDAwMDAwMDAwMDAsInJlYWQiOjMwMDAwMDAwMDAwMCwidXBkYXRlIjoxODAwMDAwMDAwMDAwfSwic2NoZW1hX3ZlcnNpb24iOiIyIn0=",
          "dependencies": [
            "azurerm_resource_group.platform_identity_rg"
          ]
        }
      ]
    },
    {
      "mode": "managed",
      "type": "azurerm_lb",
      "name": "example",
      "provider": "provider[\"registry.terraform.io/hashicorp/azurerm\"]",
      "instances": [
        {
          "schema_version": 0,
          "attributes": {
            "edge_zone": "",
            "frontend_ip_configuration": [
              {
                "gateway_load_balancer_frontend_ip_configuration_id": "",
                "id": "/subscriptions/9d3da8d5-a731-4050-966d-1be1aa80b4e2/resourceGroups/3_Tier_Webapp/providers/Microsoft.Network/loadBalancers/TestLoadBalancer/frontendIPConfigurations/PublicIPAddress",
                "inbound_nat_rules": [],
                "load_balancer_rules": [],
                "name": "PublicIPAddress",
                "outbound_rules": [],
                "private_ip_address": "",
                "private_ip_address_allocation": "Dynamic",
                "private_ip_address_version": "",
                "public_ip_address_id": "/subscriptions/9d3da8d5-a731-4050-966d-1be1aa80b4e2/resourceGroups/3_Tier_Webapp/providers/Microsoft.Network/publicIPAddresses/frontend_ip",
                "public_ip_prefix_id": "",
                "subnet_id": "",
                "zones": []
              }
            ],
            "id": "/subscriptions/9d3da8d5-a731-4050-966d-1be1aa80b4e2/resourceGroups/3_Tier_Webapp/providers/Microsoft.Network/loadBalancers/TestLoadBalancer",
            "location": "eastus",
            "name": "TestLoadBalancer",
            "private_ip_address": "",
            "private_ip_addresses": [],
            "resource_group_name": "3_Tier_Webapp",
            "sku": "Basic",
            "sku_tier": "Regional",
            "tags": {},
            "timeouts": null
          },
          "sensitive_attributes": [],
          "private": "eyJlMmJmYjczMC1lY2FhLTExZTYtOGY4OC0zNDM2M2JjN2M0YzAiOnsiY3JlYXRlIjoxODAwMDAwMDAwMDAwLCJkZWxldGUiOjE4MDAwMDAwMDAwMDAsInJlYWQiOjMwMDAwMDAwMDAwMCwidXBkYXRlIjoxODAwMDAwMDAwMDAwfX0=",
          "dependencies": [
            "azurerm_public_ip.frontend_ip",
            "azurerm_resource_group.application_rg"
          ]
        }
      ]
    },
    {
      "mode": "managed",
      "type": "azurerm_linux_virtual_machine",
      "name": "app-vm",
      "provider": "provider[\"registry.terraform.io/hashicorp/azurerm\"]",
      "instances": [
        {
          "schema_version": 0,
          "attributes": {
            "additional_capabilities": [],
            "admin_password": null,
            "admin_ssh_key": [
              {
                "public_key": "ssh-rsa AAAAB3NzaC1yc2EAAAADAQABAAACAQDhes05RyOtblNroisdvPDViWV5pJ+aBu41+bwrSNe6wNrNL1DSgctU93eR+voDsFAM5jC0E0Af34x55yZ6CC0uG6/Khq/W9aBvm/PRrI61S1vDztAuugKUgvcy68noNYEnygi6dDMpqJL5noY4xE1GUjF1/ugOyPt7qVtfnA6aVzhIYC9OiIROAgDmMvMtzCcwrpdfSLFNNrsmJLmS3zKQFANtzEO99WjH40SHjXwTxyWTrUk/YhvvVFYR06YSWbRM0WGR5pH5Ce/4H+l6YCpdMCGvvta8N86ArqyVG7GE/YoeomtpvccBh/PCJvIOP0m2ZHUQ02dgwRJ04m8AF8M7buo/z6NMf9gT2VRIezQwZ5DnaBm8uRYamvMaz1hsb6r0oL8uFHrrcZ/GdukaLtBHLqf0gSirkilOqH4XY/lhGEPsvdjfCvkOX6V7H4ogKddfGGft1jsLW1R64mxqpWaAks0zEWfsmIA84+tywhdofzYngcaiPU1asiVB5CfpAjeNxUhArdWvBnPgIeaTIBSVu8xkVnrIOD7PewoB7A9DgCRuP2VcCy14NWpetv34Ck5088SCRiTmiLOl8GUbEJ7sS4FBclD7hlORApcfREI6N36H3DhsYJzEsCl0DvX4Z6tFiw7kPo5brE/uZx4RW3olmXF+ARIBZc4zHQpNnv+fcQ== ayhir@DESKTOP-JDIC18Q\r\n",
                "username": "adminuser"
              }
            ],
            "admin_username": "adminuser",
            "allow_extension_operations": true,
            "availability_set_id": "",
            "boot_diagnostics": [],
            "computer_name": "app-vm",
            "custom_data": null,
            "dedicated_host_group_id": "",
            "dedicated_host_id": "",
            "disable_password_authentication": true,
            "edge_zone": "",
            "encryption_at_host_enabled": false,
            "eviction_policy": "",
            "extensions_time_budget": "PT1H30M",
            "id": "/subscriptions/9d3da8d5-a731-4050-966d-1be1aa80b4e2/resourceGroups/3_Tier_Webapp/providers/Microsoft.Compute/virtualMachines/app-vm",
            "identity": [],
            "license_type": "",
            "location": "eastus",
            "max_bid_price": -1,
            "name": "app-vm",
            "network_interface_ids": [
              "/subscriptions/9d3da8d5-a731-4050-966d-1be1aa80b4e2/resourceGroups/3_Tier_Webapp/providers/Microsoft.Network/networkInterfaces/app-nic"
            ],
            "os_disk": [
              {
                "caching": "ReadWrite",
                "diff_disk_settings": [],
                "disk_encryption_set_id": "",
                "disk_size_gb": 30,
                "name": "app-vm_disk1_849360f58d2d4ff38ff8eac0eb267fe1",
                "storage_account_type": "Standard_LRS",
                "write_accelerator_enabled": false
              }
            ],
            "patch_mode": "ImageDefault",
            "plan": [],
            "platform_fault_domain": -1,
            "priority": "Regular",
            "private_ip_address": "10.0.1.4",
            "private_ip_addresses": [
              "10.0.1.4"
            ],
            "provision_vm_agent": true,
            "proximity_placement_group_id": "",
            "public_ip_address": "",
            "public_ip_addresses": [],
            "resource_group_name": "3_Tier_Webapp",
            "secret": [],
            "secure_boot_enabled": false,
            "size": "Standard_B1ls",
            "source_image_id": "",
            "source_image_reference": [
              {
                "offer": "0001-com-ubuntu-server-jammy",
                "publisher": "Canonical",
                "sku": "22_04-lts",
                "version": "latest"
              }
            ],
            "tags": {},
            "termination_notification": [],
            "timeouts": null,
            "user_data": "",
            "virtual_machine_id": "c20b1a7b-7906-48c8-8184-f571dfff9da3",
            "virtual_machine_scale_set_id": "",
            "vtpm_enabled": false,
            "zone": ""
          },
          "sensitive_attributes": [],
          "private": "eyJlMmJmYjczMC1lY2FhLTExZTYtOGY4OC0zNDM2M2JjN2M0YzAiOnsiY3JlYXRlIjoyNzAwMDAwMDAwMDAwLCJkZWxldGUiOjI3MDAwMDAwMDAwMDAsInJlYWQiOjMwMDAwMDAwMDAwMCwidXBkYXRlIjoyNzAwMDAwMDAwMDAwfX0=",
          "dependencies": [
            "azurerm_network_interface.app-nic",
            "azurerm_resource_group.application_rg",
            "azurerm_subnet.webapp-subnet",
            "azurerm_virtual_network.webapp-vnet"
          ]
        }
      ]
    },
    {
      "mode": "managed",
      "type": "azurerm_log_analytics_workspace",
      "name": "project-general-logs",
      "provider": "provider[\"registry.terraform.io/hashicorp/azurerm\"]",
      "instances": [
        {
          "schema_version": 2,
          "attributes": {
            "daily_quota_gb": -1,
            "id": "/subscriptions/9d3da8d5-a731-4050-966d-1be1aa80b4e2/resourceGroups/Management/providers/Microsoft.OperationalInsights/workspaces/project-general-logs",
            "internet_ingestion_enabled": true,
            "internet_query_enabled": true,
            "location": "eastus",
            "name": "project-general-logs",
            "primary_shared_key": "nb7hvSRpZ64aQgs8Pz3ju2U/9XFVL9+z1ecYY1B/OJz5QWEAhlahm01amJrs/6kCdyRfc1FAprXgTP+rlYjGRA==",
            "reservation_capacity_in_gb_per_day": null,
            "resource_group_name": "Management",
            "retention_in_days": 30,
            "secondary_shared_key": "ndw8nzg+0nhGVGLxSIUDNQfNSyTmHWXmE4FrImvYyxvN2rRXBpIRkqmhGtoWurp+wu6QofLCDoTAswHUf1oCZg==",
            "sku": "PerGB2018",
            "tags": {},
            "timeouts": null,
            "workspace_id": "2c6980d8-2927-4bd1-b04c-954008db011c"
          },
          "sensitive_attributes": [],
          "private": "eyJlMmJmYjczMC1lY2FhLTExZTYtOGY4OC0zNDM2M2JjN2M0YzAiOnsiY3JlYXRlIjoxODAwMDAwMDAwMDAwLCJkZWxldGUiOjE4MDAwMDAwMDAwMDAsInJlYWQiOjMwMDAwMDAwMDAwMCwidXBkYXRlIjoxODAwMDAwMDAwMDAwfSwic2NoZW1hX3ZlcnNpb24iOiIyIn0=",
          "dependencies": [
            "azurerm_resource_group.platform_management_rg"
          ]
        }
      ]
    },
    {
      "mode": "managed",
      "type": "azurerm_log_analytics_workspace",
      "name": "project-security-logs",
      "provider": "provider[\"registry.terraform.io/hashicorp/azurerm\"]",
      "instances": [
        {
          "schema_version": 2,
          "attributes": {
            "daily_quota_gb": -1,
            "id": "/subscriptions/9d3da8d5-a731-4050-966d-1be1aa80b4e2/resourceGroups/Management/providers/Microsoft.OperationalInsights/workspaces/project-security-logs",
            "internet_ingestion_enabled": true,
            "internet_query_enabled": true,
            "location": "eastus",
            "name": "project-security-logs",
            "primary_shared_key": "7nsWpMOxSgBxXeMMXM+bv5OS1dROaZJGWsVM2yBOqA51392Pi+JYun3mPPT8T0F8/dNhhVnB5AxzmyyTpTq6mA==",
            "reservation_capacity_in_gb_per_day": null,
            "resource_group_name": "Management",
            "retention_in_days": 30,
            "secondary_shared_key": "1rrYAR8WVH9Co4k62J5yjprRNaxrfNYmdeDdJLN6lyJ1y0mGEJ0IjXvFw1O/P1v+JdSr1eQh9mEXzdKiHw0YIw==",
            "sku": "PerGB2018",
            "tags": {},
            "timeouts": null,
            "workspace_id": "cbb1efa0-5175-48ef-8985-ad1de05a521d"
          },
          "sensitive_attributes": [],
          "private": "eyJlMmJmYjczMC1lY2FhLTExZTYtOGY4OC0zNDM2M2JjN2M0YzAiOnsiY3JlYXRlIjoxODAwMDAwMDAwMDAwLCJkZWxldGUiOjE4MDAwMDAwMDAwMDAsInJlYWQiOjMwMDAwMDAwMDAwMCwidXBkYXRlIjoxODAwMDAwMDAwMDAwfSwic2NoZW1hX3ZlcnNpb24iOiIyIn0=",
          "dependencies": [
            "azurerm_resource_group.platform_management_rg"
          ]
        }
      ]
    },
    {
      "mode": "managed",
      "type": "azurerm_mssql_database",
      "name": "project-db7890",
      "provider": "provider[\"registry.terraform.io/hashicorp/azurerm\"]",
      "instances": [
        {
          "schema_version": 1,
          "attributes": {
            "auto_pause_delay_in_minutes": 0,
            "collation": "SQL_Latin1_General_CP1_CI_AS",
            "create_mode": "Default",
            "creation_source_database_id": null,
            "elastic_pool_id": "",
            "geo_backup_enabled": true,
            "id": "/subscriptions/9d3da8d5-a731-4050-966d-1be1aa80b4e2/resourceGroups/3_Tier_Webapp/providers/Microsoft.Sql/servers/project-sql-server7890/databases/project-db7890",
            "license_type": "LicenseIncluded",
            "long_term_retention_policy": [
              {
                "monthly_retention": "PT0S",
                "week_of_year": 0,
                "weekly_retention": "PT0S",
                "yearly_retention": "PT0S"
              }
            ],
            "max_size_gb": 32,
            "min_capacity": 0,
            "name": "project-db7890",
            "read_replica_count": 0,
            "read_scale": false,
            "recover_database_id": null,
            "restore_dropped_database_id": null,
            "restore_point_in_time": null,
            "sample_name": null,
            "server_id": "/subscriptions/9d3da8d5-a731-4050-966d-1be1aa80b4e2/resourceGroups/3_Tier_Webapp/providers/Microsoft.Sql/servers/project-sql-server7890",
            "short_term_retention_policy": [
              {
                "retention_days": 7
              }
            ],
            "sku_name": "GP_Gen5_2",
            "storage_account_type": "Geo",
            "tags": {},
            "threat_detection_policy": [
              {
                "disabled_alerts": [],
                "email_account_admins": "Disabled",
                "email_addresses": [],
                "retention_days": 0,
                "state": "Disabled",
                "storage_account_access_key": "",
                "storage_endpoint": ""
              }
            ],
            "timeouts": null,
            "transparent_data_encryption_enabled": true,
            "zone_redundant": false
          },
          "sensitive_attributes": [],
          "private": "eyJlMmJmYjczMC1lY2FhLTExZTYtOGY4OC0zNDM2M2JjN2M0YzAiOnsiY3JlYXRlIjozNjAwMDAwMDAwMDAwLCJkZWxldGUiOjM2MDAwMDAwMDAwMDAsInJlYWQiOjMwMDAwMDAwMDAwMCwidXBkYXRlIjozNjAwMDAwMDAwMDAwfSwic2NoZW1hX3ZlcnNpb24iOiIxIn0=",
          "dependencies": [
            "azurerm_mssql_server.project-sql-server7890",
            "azurerm_resource_group.application_rg"
          ]
        }
      ]
    },
    {
      "mode": "managed",
      "type": "azurerm_mssql_server",
      "name": "project-sql-server7890",
      "provider": "provider[\"registry.terraform.io/hashicorp/azurerm\"]",
      "instances": [
        {
          "schema_version": 0,
          "attributes": {
            "administrator_login": "sqladmin",
            "administrator_login_password": "Password1234!",
            "azuread_administrator": [],
            "connection_policy": "Default",
            "fully_qualified_domain_name": "project-sql-server7890.database.windows.net",
            "id": "/subscriptions/9d3da8d5-a731-4050-966d-1be1aa80b4e2/resourceGroups/3_Tier_Webapp/providers/Microsoft.Sql/servers/project-sql-server7890",
            "identity": [],
            "location": "eastus",
            "minimum_tls_version": "1.2",
            "name": "project-sql-server7890",
            "outbound_network_restriction_enabled": false,
            "primary_user_assigned_identity_id": "",
            "public_network_access_enabled": true,
            "resource_group_name": "3_Tier_Webapp",
            "restorable_dropped_database_ids": [],
            "tags": {},
            "timeouts": null,
            "version": "12.0"
          },
          "sensitive_attributes": [],
          "private": "eyJlMmJmYjczMC1lY2FhLTExZTYtOGY4OC0zNDM2M2JjN2M0YzAiOnsiY3JlYXRlIjozNjAwMDAwMDAwMDAwLCJkZWxldGUiOjM2MDAwMDAwMDAwMDAsInJlYWQiOjMwMDAwMDAwMDAwMCwidXBkYXRlIjozNjAwMDAwMDAwMDAwfX0=",
          "dependencies": [
            "azurerm_resource_group.application_rg"
          ]
        }
      ]
    },
    {
      "mode": "managed",
      "type": "azurerm_network_interface",
      "name": "app-nic",
      "provider": "provider[\"registry.terraform.io/hashicorp/azurerm\"]",
      "instances": [
        {
          "schema_version": 0,
          "attributes": {
            "applied_dns_servers": [],
            "dns_servers": [],
            "edge_zone": "",
            "enable_accelerated_networking": false,
            "enable_ip_forwarding": false,
            "id": "/subscriptions/9d3da8d5-a731-4050-966d-1be1aa80b4e2/resourceGroups/3_Tier_Webapp/providers/Microsoft.Network/networkInterfaces/app-nic",
            "internal_dns_name_label": "",
            "internal_domain_name_suffix": "xwdve4t4zaeurgnnwb4li1cyqe.bx.internal.cloudapp.net",
            "ip_configuration": [
              {
                "gateway_load_balancer_frontend_ip_configuration_id": "",
                "name": "internal",
                "primary": true,
                "private_ip_address": "10.0.1.4",
                "private_ip_address_allocation": "Dynamic",
                "private_ip_address_version": "IPv4",
                "public_ip_address_id": "",
                "subnet_id": "/subscriptions/9d3da8d5-a731-4050-966d-1be1aa80b4e2/resourceGroups/3_Tier_Webapp/providers/Microsoft.Network/virtualNetworks/webapp-vnet/subnets/webapp-subnet"
              }
            ],
            "location": "eastus",
            "mac_address": "60-45-BD-DB-1F-71",
            "name": "app-nic",
            "private_ip_address": "10.0.1.4",
            "private_ip_addresses": [
              "10.0.1.4"
            ],
            "resource_group_name": "3_Tier_Webapp",
            "tags": {},
            "timeouts": null,
            "virtual_machine_id": "/subscriptions/9d3da8d5-a731-4050-966d-1be1aa80b4e2/resourceGroups/3_Tier_Webapp/providers/Microsoft.Compute/virtualMachines/app-vm"
          },
          "sensitive_attributes": [],
          "private": "eyJlMmJmYjczMC1lY2FhLTExZTYtOGY4OC0zNDM2M2JjN2M0YzAiOnsiY3JlYXRlIjoxODAwMDAwMDAwMDAwLCJkZWxldGUiOjE4MDAwMDAwMDAwMDAsInJlYWQiOjMwMDAwMDAwMDAwMCwidXBkYXRlIjoxODAwMDAwMDAwMDAwfX0=",
          "dependencies": [
            "azurerm_resource_group.application_rg",
            "azurerm_subnet.webapp-subnet",
            "azurerm_virtual_network.webapp-vnet"
          ]
        }
      ]
    },
    {
      "mode": "managed",
      "type": "azurerm_network_security_group",
      "name": "platform_Nsg",
      "provider": "provider[\"registry.terraform.io/hashicorp/azurerm\"]",
      "instances": [
        {
          "schema_version": 0,
          "attributes": {
            "id": "/subscriptions/9d3da8d5-a731-4050-966d-1be1aa80b4e2/resourceGroups/Network/providers/Microsoft.Network/networkSecurityGroups/project-nsg",
            "location": "eastus",
            "name": "project-nsg",
            "resource_group_name": "Network",
            "security_rule": [],
            "tags": {},
            "timeouts": null
          },
          "sensitive_attributes": [],
          "private": "eyJlMmJmYjczMC1lY2FhLTExZTYtOGY4OC0zNDM2M2JjN2M0YzAiOnsiY3JlYXRlIjoxODAwMDAwMDAwMDAwLCJkZWxldGUiOjE4MDAwMDAwMDAwMDAsInJlYWQiOjMwMDAwMDAwMDAwMCwidXBkYXRlIjoxODAwMDAwMDAwMDAwfX0=",
          "dependencies": [
            "azurerm_resource_group.platform_network_rg"
          ]
        }
      ]
    },
    {
      "mode": "managed",
      "type": "azurerm_policy_definition",
      "name": "vm_size_policy",
      "provider": "provider[\"registry.terraform.io/hashicorp/azurerm\"]",
      "instances": [
        {
          "schema_version": 0,
          "attributes": {
            "description": "Restrict virtual machine sizes in the specified resource groups",
            "display_name": "Restrict VM Sizes",
            "id": "/subscriptions/9d3da8d5-a731-4050-966d-1be1aa80b4e2/providers/Microsoft.Authorization/policyDefinitions/Restrict VM Sizes",
            "management_group_id": "",
            "metadata": "{\"createdBy\":\"d04680b6-deb6-4d7b-8803-c7ac105036d0\",\"createdOn\":\"2024-04-11T16:06:24.2119205Z\",\"updatedBy\":null,\"updatedOn\":null}",
            "mode": "All",
            "name": "Restrict VM Sizes",
            "parameters": "",
            "policy_rule": "{\"if\":{\"allOf\":[{\"equals\":\"Microsoft.Compute/virtualMachines\",\"field\":\"type\"},{\"not\":{\"field\":\"Microsoft.Compute/virtualMachines/sku.name\",\"in\":[\"Standard_B1ls\",\"Standard_B1s\",\"Standard_B1ms\"]}}]},\"then\":{\"effect\":\"deny\"}}",
            "policy_type": "Custom",
            "timeouts": null
          },
          "sensitive_attributes": [],
          "private": "eyJlMmJmYjczMC1lY2FhLTExZTYtOGY4OC0zNDM2M2JjN2M0YzAiOnsiY3JlYXRlIjoxODAwMDAwMDAwMDAwLCJkZWxldGUiOjE4MDAwMDAwMDAwMDAsInJlYWQiOjMwMDAwMDAwMDAwMCwidXBkYXRlIjoxODAwMDAwMDAwMDAwfX0="
        }
      ]
    },
    {
      "mode": "managed",
      "type": "azurerm_public_ip",
      "name": "frontend_ip",
      "provider": "provider[\"registry.terraform.io/hashicorp/azurerm\"]",
      "instances": [
        {
          "schema_version": 0,
          "attributes": {
            "allocation_method": "Dynamic",
            "domain_name_label": null,
            "edge_zone": "",
            "fqdn": null,
            "id": "/subscriptions/9d3da8d5-a731-4050-966d-1be1aa80b4e2/resourceGroups/3_Tier_Webapp/providers/Microsoft.Network/publicIPAddresses/frontend_ip",
            "idle_timeout_in_minutes": 4,
            "ip_address": "",
            "ip_tags": {},
            "ip_version": "IPv4",
            "location": "eastus",
            "name": "frontend_ip",
            "public_ip_prefix_id": null,
            "resource_group_name": "3_Tier_Webapp",
            "reverse_fqdn": null,
            "sku": "Basic",
            "sku_tier": "Regional",
            "tags": {},
            "timeouts": null,
            "zones": []
          },
          "sensitive_attributes": [],
          "private": "eyJlMmJmYjczMC1lY2FhLTExZTYtOGY4OC0zNDM2M2JjN2M0YzAiOnsiY3JlYXRlIjoxODAwMDAwMDAwMDAwLCJkZWxldGUiOjE4MDAwMDAwMDAwMDAsInJlYWQiOjMwMDAwMDAwMDAwMCwidXBkYXRlIjoxODAwMDAwMDAwMDAwfX0=",
          "dependencies": [
            "azurerm_resource_group.application_rg"
          ]
        }
      ]
    },
    {
      "mode": "managed",
      "type": "azurerm_resource_group",
      "name": "application_rg",
      "provider": "provider[\"registry.terraform.io/hashicorp/azurerm\"]",
      "instances": [
        {
          "schema_version": 0,
          "attributes": {
            "id": "/subscriptions/9d3da8d5-a731-4050-966d-1be1aa80b4e2/resourceGroups/3_Tier_Webapp",
            "location": "eastus",
            "name": "3_Tier_Webapp",
            "tags": {},
            "timeouts": null
          },
          "sensitive_attributes": [],
          "private": "eyJlMmJmYjczMC1lY2FhLTExZTYtOGY4OC0zNDM2M2JjN2M0YzAiOnsiY3JlYXRlIjo1NDAwMDAwMDAwMDAwLCJkZWxldGUiOjU0MDAwMDAwMDAwMDAsInJlYWQiOjMwMDAwMDAwMDAwMCwidXBkYXRlIjo1NDAwMDAwMDAwMDAwfX0="
        }
      ]
    },
    {
      "mode": "managed",
      "type": "azurerm_resource_group",
      "name": "platform_identity_rg",
      "provider": "provider[\"registry.terraform.io/hashicorp/azurerm\"]",
      "instances": [
        {
          "schema_version": 0,
          "attributes": {
            "id": "/subscriptions/9d3da8d5-a731-4050-966d-1be1aa80b4e2/resourceGroups/Identity",
            "location": "eastus",
            "name": "Identity",
            "tags": {},
            "timeouts": null
          },
          "sensitive_attributes": [],
          "private": "eyJlMmJmYjczMC1lY2FhLTExZTYtOGY4OC0zNDM2M2JjN2M0YzAiOnsiY3JlYXRlIjo1NDAwMDAwMDAwMDAwLCJkZWxldGUiOjU0MDAwMDAwMDAwMDAsInJlYWQiOjMwMDAwMDAwMDAwMCwidXBkYXRlIjo1NDAwMDAwMDAwMDAwfX0="
        }
      ]
    },
    {
      "mode": "managed",
      "type": "azurerm_resource_group",
      "name": "platform_management_rg",
      "provider": "provider[\"registry.terraform.io/hashicorp/azurerm\"]",
      "instances": [
        {
          "schema_version": 0,
          "attributes": {
            "id": "/subscriptions/9d3da8d5-a731-4050-966d-1be1aa80b4e2/resourceGroups/Management",
            "location": "eastus",
            "name": "Management",
            "tags": {},
            "timeouts": null
          },
          "sensitive_attributes": [],
          "private": "eyJlMmJmYjczMC1lY2FhLTExZTYtOGY4OC0zNDM2M2JjN2M0YzAiOnsiY3JlYXRlIjo1NDAwMDAwMDAwMDAwLCJkZWxldGUiOjU0MDAwMDAwMDAwMDAsInJlYWQiOjMwMDAwMDAwMDAwMCwidXBkYXRlIjo1NDAwMDAwMDAwMDAwfX0="
        }
      ]
    },
    {
      "mode": "managed",
      "type": "azurerm_resource_group",
      "name": "platform_network_rg",
      "provider": "provider[\"registry.terraform.io/hashicorp/azurerm\"]",
      "instances": [
        {
          "schema_version": 0,
          "attributes": {
            "id": "/subscriptions/9d3da8d5-a731-4050-966d-1be1aa80b4e2/resourceGroups/Network",
            "location": "eastus",
            "name": "Network",
            "tags": {},
            "timeouts": null
          },
          "sensitive_attributes": [],
          "private": "eyJlMmJmYjczMC1lY2FhLTExZTYtOGY4OC0zNDM2M2JjN2M0YzAiOnsiY3JlYXRlIjo1NDAwMDAwMDAwMDAwLCJkZWxldGUiOjU0MDAwMDAwMDAwMDAsInJlYWQiOjMwMDAwMDAwMDAwMCwidXBkYXRlIjo1NDAwMDAwMDAwMDAwfX0="
        }
      ]
    },
    {
      "mode": "managed",
      "type": "azurerm_resource_group_policy_assignment",
      "name": "application_vm_size_policy",
      "provider": "provider[\"registry.terraform.io/hashicorp/azurerm\"]",
      "instances": [
        {
          "schema_version": 0,
          "attributes": {
            "description": "",
            "display_name": "",
            "enforce": true,
            "id": "/subscriptions/9d3da8d5-a731-4050-966d-1be1aa80b4e2/resourceGroups/3_Tier_Webapp/providers/Microsoft.Authorization/policyAssignments/application-vm-size-policy",
            "identity": [],
            "location": "",
            "metadata": "{\"createdBy\":\"d04680b6-deb6-4d7b-8803-c7ac105036d0\",\"createdOn\":\"2024-04-11T16:07:55.3427149Z\",\"updatedBy\":null,\"updatedOn\":null}",
            "name": "application-vm-size-policy",
            "non_compliance_message": [],
            "not_scopes": [],
            "parameters": "",
            "policy_definition_id": "/subscriptions/9d3da8d5-a731-4050-966d-1be1aa80b4e2/providers/Microsoft.Authorization/policyDefinitions/Restrict VM Sizes",
            "resource_group_id": "/subscriptions/9d3da8d5-a731-4050-966d-1be1aa80b4e2/resourceGroups/3_Tier_Webapp",
            "timeouts": null
          },
          "sensitive_attributes": [],
          "private": "eyJlMmJmYjczMC1lY2FhLTExZTYtOGY4OC0zNDM2M2JjN2M0YzAiOnsiY3JlYXRlIjoxODAwMDAwMDAwMDAwLCJkZWxldGUiOjE4MDAwMDAwMDAwMDAsInJlYWQiOjMwMDAwMDAwMDAwMCwidXBkYXRlIjoxODAwMDAwMDAwMDAwfX0=",
          "dependencies": [
            "azurerm_policy_definition.vm_size_policy",
            "azurerm_resource_group.application_rg"
          ]
        }
      ]
    },
    {
      "mode": "managed",
      "type": "azurerm_resource_group_policy_assignment",
      "name": "platform_vm_size_policy",
      "provider": "provider[\"registry.terraform.io/hashicorp/azurerm\"]",
      "instances": [
        {
          "schema_version": 0,
          "attributes": {
            "description": "",
            "display_name": "",
            "enforce": true,
            "id": "/subscriptions/9d3da8d5-a731-4050-966d-1be1aa80b4e2/resourceGroups/Management/providers/Microsoft.Authorization/policyAssignments/platform-vm-size-policy",
            "identity": [],
            "location": "",
            "metadata": "{\"createdBy\":\"d04680b6-deb6-4d7b-8803-c7ac105036d0\",\"createdOn\":\"2024-04-11T16:07:55.340549Z\",\"updatedBy\":null,\"updatedOn\":null}",
            "name": "platform-vm-size-policy",
            "non_compliance_message": [],
            "not_scopes": [],
            "parameters": "",
            "policy_definition_id": "/subscriptions/9d3da8d5-a731-4050-966d-1be1aa80b4e2/providers/Microsoft.Authorization/policyDefinitions/Restrict VM Sizes",
            "resource_group_id": "/subscriptions/9d3da8d5-a731-4050-966d-1be1aa80b4e2/resourceGroups/Management",
            "timeouts": null
          },
          "sensitive_attributes": [],
          "private": "eyJlMmJmYjczMC1lY2FhLTExZTYtOGY4OC0zNDM2M2JjN2M0YzAiOnsiY3JlYXRlIjoxODAwMDAwMDAwMDAwLCJkZWxldGUiOjE4MDAwMDAwMDAwMDAsInJlYWQiOjMwMDAwMDAwMDAwMCwidXBkYXRlIjoxODAwMDAwMDAwMDAwfX0=",
          "dependencies": [
            "azurerm_policy_definition.vm_size_policy",
            "azurerm_resource_group.platform_management_rg"
          ]
        }
      ]
    },
    {
      "mode": "managed",
      "type": "azurerm_security_center_workspace",
      "name": "project-security",
      "provider": "provider[\"registry.terraform.io/hashicorp/azurerm\"]",
      "instances": [
        {
          "schema_version": 0,
          "attributes": {
            "id": "/subscriptions/9d3da8d5-a731-4050-966d-1be1aa80b4e2/providers/Microsoft.Security/workspaceSettings/default",
            "scope": "/subscriptions/9d3da8d5-a731-4050-966d-1be1aa80b4e2",
            "timeouts": null,
            "workspace_id": "/subscriptions/9d3da8d5-a731-4050-966d-1be1aa80b4e2/resourceGroups/Management/providers/Microsoft.OperationalInsights/workspaces/project-security-logs"
          },
          "sensitive_attributes": [],
          "private": "eyJlMmJmYjczMC1lY2FhLTExZTYtOGY4OC0zNDM2M2JjN2M0YzAiOnsiY3JlYXRlIjozNjAwMDAwMDAwMDAwLCJkZWxldGUiOjM2MDAwMDAwMDAwMDAsInJlYWQiOjMwMDAwMDAwMDAwMCwidXBkYXRlIjozNjAwMDAwMDAwMDAwfX0=",
          "dependencies": [
            "azurerm_log_analytics_workspace.project-security-logs",
            "azurerm_resource_group.platform_management_rg"
          ]
        }
      ]
    },
    {
      "mode": "managed",
      "type": "azurerm_subnet",
      "name": "AzureFirewallSubnet",
      "provider": "provider[\"registry.terraform.io/hashicorp/azurerm\"]",
      "instances": [
        {
          "schema_version": 0,
          "attributes": {
            "address_prefixes": [
              "10.0.1.0/24"
            ],
            "delegation": [],
            "enforce_private_link_endpoint_network_policies": false,
            "enforce_private_link_service_network_policies": false,
            "id": "/subscriptions/9d3da8d5-a731-4050-966d-1be1aa80b4e2/resourceGroups/Network/providers/Microsoft.Network/virtualNetworks/project-vnet/subnets/AzureFirewallSubnet",
            "name": "AzureFirewallSubnet",
            "resource_group_name": "Network",
            "service_endpoint_policy_ids": [],
            "service_endpoints": [],
            "timeouts": null,
            "virtual_network_name": "project-vnet"
          },
          "sensitive_attributes": [],
          "private": "eyJlMmJmYjczMC1lY2FhLTExZTYtOGY4OC0zNDM2M2JjN2M0YzAiOnsiY3JlYXRlIjoxODAwMDAwMDAwMDAwLCJkZWxldGUiOjE4MDAwMDAwMDAwMDAsInJlYWQiOjMwMDAwMDAwMDAwMCwidXBkYXRlIjoxODAwMDAwMDAwMDAwfX0=",
          "dependencies": [
            "azurerm_resource_group.platform_network_rg",
            "azurerm_virtual_network.project-vnet"
          ]
        }
      ]
    },
    {
      "mode": "managed",
      "type": "azurerm_subnet",
      "name": "webapp-subnet",
      "provider": "provider[\"registry.terraform.io/hashicorp/azurerm\"]",
      "instances": [
        {
          "schema_version": 0,
          "attributes": {
            "address_prefixes": [
              "10.0.2.0/24"
            ],
            "delegation": [],
            "enforce_private_link_endpoint_network_policies": false,
            "enforce_private_link_service_network_policies": false,
            "id": "/subscriptions/9d3da8d5-a731-4050-966d-1be1aa80b4e2/resourceGroups/3_Tier_Webapp/providers/Microsoft.Network/virtualNetworks/webapp-vnet/subnets/webapp-subnet",
            "name": "webapp-subnet",
            "resource_group_name": "3_Tier_Webapp",
            "service_endpoint_policy_ids": [],
            "service_endpoints": [],
            "timeouts": null,
            "virtual_network_name": "webapp-vnet"
          },
          "sensitive_attributes": [],
          "private": "eyJlMmJmYjczMC1lY2FhLTExZTYtOGY4OC0zNDM2M2JjN2M0YzAiOnsiY3JlYXRlIjoxODAwMDAwMDAwMDAwLCJkZWxldGUiOjE4MDAwMDAwMDAwMDAsInJlYWQiOjMwMDAwMDAwMDAwMCwidXBkYXRlIjoxODAwMDAwMDAwMDAwfX0=",
          "dependencies": [
            "azurerm_resource_group.application_rg",
            "azurerm_virtual_network.webapp-vnet"
          ]
        }
      ]
    },
    {
      "mode": "managed",
      "type": "azurerm_virtual_hub",
      "name": "project-hub",
      "provider": "provider[\"registry.terraform.io/hashicorp/azurerm\"]",
      "instances": [
        {
          "schema_version": 0,
          "attributes": {
            "address_prefix": "10.7.0.0/24",
            "default_route_table_id": "/subscriptions/9d3da8d5-a731-4050-966d-1be1aa80b4e2/resourceGroups/Network/providers/Microsoft.Network/virtualHubs/project-hub/hubRouteTables/defaultRouteTable",
            "id": "/subscriptions/9d3da8d5-a731-4050-966d-1be1aa80b4e2/resourceGroups/Network/providers/Microsoft.Network/virtualHubs/project-hub",
            "location": "eastus",
            "name": "project-hub",
            "resource_group_name": "Network",
            "route": [],
            "sku": "",
            "tags": null,
            "timeouts": null,
            "virtual_router_asn": 65515,
            "virtual_router_ips": [
              "10.7.0.69",
              "10.7.0.68"
            ],
            "virtual_wan_id": "/subscriptions/9d3da8d5-a731-4050-966d-1be1aa80b4e2/resourceGroups/Network/providers/Microsoft.Network/virtualWans/project-vwan"
          },
          "sensitive_attributes": [],
          "private": "eyJlMmJmYjczMC1lY2FhLTExZTYtOGY4OC0zNDM2M2JjN2M0YzAiOnsiY3JlYXRlIjozNjAwMDAwMDAwMDAwLCJkZWxldGUiOjM2MDAwMDAwMDAwMDAsInJlYWQiOjMwMDAwMDAwMDAwMCwidXBkYXRlIjozNjAwMDAwMDAwMDAwfX0=",
          "dependencies": [
            "azurerm_resource_group.platform_network_rg",
            "azurerm_virtual_wan.project-vwan"
          ]
        }
      ]
    },
    {
      "mode": "managed",
      "type": "azurerm_virtual_network",
      "name": "project-vnet",
      "provider": "provider[\"registry.terraform.io/hashicorp/azurerm\"]",
      "instances": [
        {
          "schema_version": 0,
          "attributes": {
            "address_space": [
              "10.9.0.0/24"
            ],
            "bgp_community": "",
            "ddos_protection_plan": [],
            "dns_servers": [],
            "edge_zone": "",
            "flow_timeout_in_minutes": 0,
            "guid": "53e6c108-9c39-4dff-a205-8c72c116f89b",
            "id": "/subscriptions/9d3da8d5-a731-4050-966d-1be1aa80b4e2/resourceGroups/Network/providers/Microsoft.Network/virtualNetworks/project-vnet",
            "location": "eastus",
            "name": "project-vnet",
            "resource_group_name": "Network",
            "subnet": [
              {
                "address_prefix": "10.0.1.0/24",
                "id": "/subscriptions/9d3da8d5-a731-4050-966d-1be1aa80b4e2/resourceGroups/Network/providers/Microsoft.Network/virtualNetworks/project-vnet/subnets/AzureFirewallSubnet",
                "name": "AzureFirewallSubnet",
                "security_group": ""
              }
            ],
            "tags": {},
            "timeouts": null
          },
          "sensitive_attributes": [],
          "private": "eyJlMmJmYjczMC1lY2FhLTExZTYtOGY4OC0zNDM2M2JjN2M0YzAiOnsiY3JlYXRlIjoxODAwMDAwMDAwMDAwLCJkZWxldGUiOjE4MDAwMDAwMDAwMDAsInJlYWQiOjMwMDAwMDAwMDAwMCwidXBkYXRlIjoxODAwMDAwMDAwMDAwfX0=",
          "dependencies": [
            "azurerm_resource_group.platform_network_rg"
          ]
        }
      ]
    },
    {
      "mode": "managed",
      "type": "azurerm_virtual_network",
      "name": "webapp-vnet",
      "provider": "provider[\"registry.terraform.io/hashicorp/azurerm\"]",
      "instances": [
        {
          "schema_version": 0,
          "attributes": {
            "address_space": [
              "10.0.0.0/16"
            ],
            "bgp_community": "",
            "ddos_protection_plan": [],
            "dns_servers": [],
            "edge_zone": "",
            "flow_timeout_in_minutes": 0,
            "guid": "7a5287bd-c87e-4809-99ad-b07cb46c5884",
            "id": "/subscriptions/9d3da8d5-a731-4050-966d-1be1aa80b4e2/resourceGroups/3_Tier_Webapp/providers/Microsoft.Network/virtualNetworks/webapp-vnet",
            "location": "eastus",
            "name": "webapp-vnet",
            "resource_group_name": "3_Tier_Webapp",
            "subnet": [
              {
                "address_prefix": "10.0.1.0/24",
                "id": "/subscriptions/9d3da8d5-a731-4050-966d-1be1aa80b4e2/resourceGroups/3_Tier_Webapp/providers/Microsoft.Network/virtualNetworks/webapp-vnet/subnets/webapp-subnet",
                "name": "webapp-subnet",
                "security_group": ""
              }
            ],
            "tags": {},
            "timeouts": null
          },
          "sensitive_attributes": [],
          "private": "eyJlMmJmYjczMC1lY2FhLTExZTYtOGY4OC0zNDM2M2JjN2M0YzAiOnsiY3JlYXRlIjoxODAwMDAwMDAwMDAwLCJkZWxldGUiOjE4MDAwMDAwMDAwMDAsInJlYWQiOjMwMDAwMDAwMDAwMCwidXBkYXRlIjoxODAwMDAwMDAwMDAwfX0=",
          "dependencies": [
            "azurerm_resource_group.application_rg"
          ]
        }
      ]
    },
    {
      "mode": "managed",
      "type": "azurerm_virtual_wan",
      "name": "project-vwan",
      "provider": "provider[\"registry.terraform.io/hashicorp/azurerm\"]",
      "instances": [
        {
          "schema_version": 0,
          "attributes": {
            "allow_branch_to_branch_traffic": true,
            "disable_vpn_encryption": false,
            "id": "/subscriptions/9d3da8d5-a731-4050-966d-1be1aa80b4e2/resourceGroups/Network/providers/Microsoft.Network/virtualWans/project-vwan",
            "location": "eastus",
            "name": "project-vwan",
            "office365_local_breakout_category": "None",
            "resource_group_name": "Network",
            "tags": {},
            "timeouts": null,
            "type": "Standard"
          },
          "sensitive_attributes": [],
          "private": "eyJlMmJmYjczMC1lY2FhLTExZTYtOGY4OC0zNDM2M2JjN2M0YzAiOnsiY3JlYXRlIjoxODAwMDAwMDAwMDAwLCJkZWxldGUiOjE4MDAwMDAwMDAwMDAsInJlYWQiOjMwMDAwMDAwMDAwMCwidXBkYXRlIjoxODAwMDAwMDAwMDAwfX0=",
          "dependencies": [
            "azurerm_resource_group.platform_network_rg"
          ]
        }
      ]
    }
  ],
  "check_results": null
}
